// !$*UTF8*$!
{
	archiveVersion = 1;
	classes = {
	};
	objectVersion = 50;
	objects = {

/* Begin PBXBuildFile section */
		0F1B6EE198141F0C148719B3 /* Pods_Todoey.framework in Frameworks */ = {isa = PBXBuildFile; fileRef = 8C0C2981E3DB3F4E946E1678 /* Pods_Todoey.framework */; };
		95003462223D623400E810CA /* CategoryViewController.swift in Sources */ = {isa = PBXBuildFile; fileRef = 95003461223D623400E810CA /* CategoryViewController.swift */; };
		950152A92234A73C00C343D8 /* obsolete_Item.swift in Sources */ = {isa = PBXBuildFile; fileRef = 950152A82234A73C00C343D8 /* obsolete_Item.swift */; };
		9502D5A9226B7C3600FF02B9 /* SwipeTableViewController.swift in Sources */ = {isa = PBXBuildFile; fileRef = 9502D5A8226B7C3600FF02B9 /* SwipeTableViewController.swift */; };
		959CDEC4222EA43000549A96 /* AppDelegate.swift in Sources */ = {isa = PBXBuildFile; fileRef = 959CDEC3222EA43000549A96 /* AppDelegate.swift */; };
		959CDEC6222EA43000549A96 /* TodoListViewController.swift in Sources */ = {isa = PBXBuildFile; fileRef = 959CDEC5222EA43000549A96 /* TodoListViewController.swift */; };
		959CDEC9222EA43000549A96 /* Main.storyboard in Resources */ = {isa = PBXBuildFile; fileRef = 959CDEC7222EA43000549A96 /* Main.storyboard */; };
		959CDECB222EA43100549A96 /* Assets.xcassets in Resources */ = {isa = PBXBuildFile; fileRef = 959CDECA222EA43100549A96 /* Assets.xcassets */; };
		959CDECE222EA43100549A96 /* LaunchScreen.storyboard in Resources */ = {isa = PBXBuildFile; fileRef = 959CDECC222EA43100549A96 /* LaunchScreen.storyboard */; };
		95FF3B852259A31B00C14CFF /* Item.swift in Sources */ = {isa = PBXBuildFile; fileRef = 95FF3B842259A31B00C14CFF /* Item.swift */; };
		95FF3B872259A33300C14CFF /* Category.swift in Sources */ = {isa = PBXBuildFile; fileRef = 95FF3B862259A33300C14CFF /* Category.swift */; };
/* End PBXBuildFile section */

/* Begin PBXFileReference section */
		8C0C2981E3DB3F4E946E1678 /* Pods_Todoey.framework */ = {isa = PBXFileReference; explicitFileType = wrapper.framework; includeInIndex = 0; path = Pods_Todoey.framework; sourceTree = BUILT_PRODUCTS_DIR; };
		95003461223D623400E810CA /* CategoryViewController.swift */ = {isa = PBXFileReference; lastKnownFileType = sourcecode.swift; path = CategoryViewController.swift; sourceTree = "<group>"; };
		950152A82234A73C00C343D8 /* obsolete_Item.swift */ = {isa = PBXFileReference; lastKnownFileType = sourcecode.swift; path = obsolete_Item.swift; sourceTree = "<group>"; };
		9502D5A8226B7C3600FF02B9 /* SwipeTableViewController.swift */ = {isa = PBXFileReference; lastKnownFileType = sourcecode.swift; path = SwipeTableViewController.swift; sourceTree = "<group>"; };
		959CDEC0222EA43000549A96 /* Todoey.app */ = {isa = PBXFileReference; explicitFileType = wrapper.application; includeInIndex = 0; path = Todoey.app; sourceTree = BUILT_PRODUCTS_DIR; };
		959CDEC3222EA43000549A96 /* AppDelegate.swift */ = {isa = PBXFileReference; lastKnownFileType = sourcecode.swift; path = AppDelegate.swift; sourceTree = "<group>"; };
		959CDEC5222EA43000549A96 /* TodoListViewController.swift */ = {isa = PBXFileReference; lastKnownFileType = sourcecode.swift; path = TodoListViewController.swift; sourceTree = "<group>"; };
		959CDEC8222EA43000549A96 /* Base */ = {isa = PBXFileReference; lastKnownFileType = file.storyboard; name = Base; path = Base.lproj/Main.storyboard; sourceTree = "<group>"; };
		959CDECA222EA43100549A96 /* Assets.xcassets */ = {isa = PBXFileReference; lastKnownFileType = folder.assetcatalog; path = Assets.xcassets; sourceTree = "<group>"; };
		959CDECD222EA43100549A96 /* Base */ = {isa = PBXFileReference; lastKnownFileType = file.storyboard; name = Base; path = Base.lproj/LaunchScreen.storyboard; sourceTree = "<group>"; };
		959CDECF222EA43100549A96 /* Info.plist */ = {isa = PBXFileReference; lastKnownFileType = text.plist.xml; path = Info.plist; sourceTree = "<group>"; };
		95FF3B842259A31B00C14CFF /* Item.swift */ = {isa = PBXFileReference; lastKnownFileType = sourcecode.swift; path = Item.swift; sourceTree = "<group>"; };
		95FF3B862259A33300C14CFF /* Category.swift */ = {isa = PBXFileReference; lastKnownFileType = sourcecode.swift; path = Category.swift; sourceTree = "<group>"; };
		ACF464C75816F666E2E7B56A /* Pods-Todoey.release.xcconfig */ = {isa = PBXFileReference; includeInIndex = 1; lastKnownFileType = text.xcconfig; name = "Pods-Todoey.release.xcconfig"; path = "Target Support Files/Pods-Todoey/Pods-Todoey.release.xcconfig"; sourceTree = "<group>"; };
		C9AF00CF19A3958BA5AFEBD4 /* Pods-Todoey.debug.xcconfig */ = {isa = PBXFileReference; includeInIndex = 1; lastKnownFileType = text.xcconfig; name = "Pods-Todoey.debug.xcconfig"; path = "Target Support Files/Pods-Todoey/Pods-Todoey.debug.xcconfig"; sourceTree = "<group>"; };
/* End PBXFileReference section */

/* Begin PBXFrameworksBuildPhase section */
		959CDEBD222EA43000549A96 /* Frameworks */ = {
			isa = PBXFrameworksBuildPhase;
			buildActionMask = 2147483647;
			files = (
				0F1B6EE198141F0C148719B3 /* Pods_Todoey.framework in Frameworks */,
			);
			runOnlyForDeploymentPostprocessing = 0;
		};
/* End PBXFrameworksBuildPhase section */

/* Begin PBXGroup section */
		3A3C26F0F75DB3B10FBB86DE /* Pods */ = {
			isa = PBXGroup;
			children = (
				C9AF00CF19A3958BA5AFEBD4 /* Pods-Todoey.debug.xcconfig */,
				ACF464C75816F666E2E7B56A /* Pods-Todoey.release.xcconfig */,
			);
			path = Pods;
			sourceTree = "<group>";
		};
		9506660C2239EC140060894C /* View */ = {
			isa = PBXGroup;
			children = (
				959CDEC7222EA43000549A96 /* Main.storyboard */,
				959CDECC222EA43100549A96 /* LaunchScreen.storyboard */,
			);
			path = View;
			sourceTree = "<group>";
		};
		950B4CE122363D2F005D6118 /* Model */ = {
			isa = PBXGroup;
			children = (
				95FF3B862259A33300C14CFF /* Category.swift */,
				95FF3B842259A31B00C14CFF /* Item.swift */,
				950152A82234A73C00C343D8 /* obsolete_Item.swift */,
			);
			path = Model;
			sourceTree = "<group>";
		};
		950B4CE222363D6A005D6118 /* Controller */ = {
			isa = PBXGroup;
			children = (
				959CDEC3222EA43000549A96 /* AppDelegate.swift */,
				9502D5A8226B7C3600FF02B9 /* SwipeTableViewController.swift */,
				95003461223D623400E810CA /* CategoryViewController.swift */,
				959CDEC5222EA43000549A96 /* TodoListViewController.swift */,
			);
			path = Controller;
			sourceTree = "<group>";
		};
		959CDEB7222EA43000549A96 = {
			isa = PBXGroup;
			children = (
				959CDEC2222EA43000549A96 /* Todoey */,
				959CDEC1222EA43000549A96 /* Products */,
				3A3C26F0F75DB3B10FBB86DE /* Pods */,
				DE4582F0C700E7146081D534 /* Frameworks */,
			);
			sourceTree = "<group>";
		};
		959CDEC1222EA43000549A96 /* Products */ = {
			isa = PBXGroup;
			children = (
				959CDEC0222EA43000549A96 /* Todoey.app */,
			);
			name = Products;
			sourceTree = "<group>";
		};
		959CDEC2222EA43000549A96 /* Todoey */ = {
			isa = PBXGroup;
			children = (
				9506660C2239EC140060894C /* View */,
				950B4CE222363D6A005D6118 /* Controller */,
				950B4CE122363D2F005D6118 /* Model */,
				959CDECA222EA43100549A96 /* Assets.xcassets */,
				959CDECF222EA43100549A96 /* Info.plist */,
			);
			path = Todoey;
			sourceTree = "<group>";
		};
		DE4582F0C700E7146081D534 /* Frameworks */ = {
			isa = PBXGroup;
			children = (
				8C0C2981E3DB3F4E946E1678 /* Pods_Todoey.framework */,
			);
			name = Frameworks;
			sourceTree = "<group>";
		};
/* End PBXGroup section */

/* Begin PBXNativeTarget section */
		959CDEBF222EA43000549A96 /* Todoey */ = {
			isa = PBXNativeTarget;
			buildConfigurationList = 959CDED2222EA43100549A96 /* Build configuration list for PBXNativeTarget "Todoey" */;
			buildPhases = (
				A2C8ED330EF6661AACF625EC /* [CP] Check Pods Manifest.lock */,
				959CDEBC222EA43000549A96 /* Sources */,
				959CDEBD222EA43000549A96 /* Frameworks */,
				959CDEBE222EA43000549A96 /* Resources */,
				04A144E705E509E92BD6CA36 /* [CP] Embed Pods Frameworks */,
			);
			buildRules = (
			);
			dependencies = (
			);
			name = Todoey;
			productName = Todoey;
			productReference = 959CDEC0222EA43000549A96 /* Todoey.app */;
			productType = "com.apple.product-type.application";
		};
/* End PBXNativeTarget section */

/* Begin PBXProject section */
		959CDEB8222EA43000549A96 /* Project object */ = {
			isa = PBXProject;
			attributes = {
				LastSwiftUpdateCheck = 1010;
				LastUpgradeCheck = 1010;
				ORGANIZATIONNAME = "Pichai Tangtrongsakundee";
				TargetAttributes = {
					959CDEBF222EA43000549A96 = {
						CreatedOnToolsVersion = 10.1;
					};
				};
			};
			buildConfigurationList = 959CDEBB222EA43000549A96 /* Build configuration list for PBXProject "Todoey" */;
			compatibilityVersion = "Xcode 9.3";
			developmentRegion = en;
			hasScannedForEncodings = 0;
			knownRegions = (
				en,
				Base,
			);
			mainGroup = 959CDEB7222EA43000549A96;
			productRefGroup = 959CDEC1222EA43000549A96 /* Products */;
			projectDirPath = "";
			projectRoot = "";
			targets = (
				959CDEBF222EA43000549A96 /* Todoey */,
			);
		};
/* End PBXProject section */

/* Begin PBXResourcesBuildPhase section */
		959CDEBE222EA43000549A96 /* Resources */ = {
			isa = PBXResourcesBuildPhase;
			buildActionMask = 2147483647;
			files = (
				959CDECE222EA43100549A96 /* LaunchScreen.storyboard in Resources */,
				959CDECB222EA43100549A96 /* Assets.xcassets in Resources */,
				959CDEC9222EA43000549A96 /* Main.storyboard in Resources */,
			);
			runOnlyForDeploymentPostprocessing = 0;
		};
/* End PBXResourcesBuildPhase section */

/* Begin PBXShellScriptBuildPhase section */
		04A144E705E509E92BD6CA36 /* [CP] Embed Pods Frameworks */ = {
			isa = PBXShellScriptBuildPhase;
			buildActionMask = 2147483647;
			files = (
			);
			inputFileListPaths = (
			);
			inputPaths = (
				"${PODS_ROOT}/Target Support Files/Pods-Todoey/Pods-Todoey-frameworks.sh",
				"${BUILT_PRODUCTS_DIR}/ChameleonFramework/ChameleonFramework.framework",
				"${BUILT_PRODUCTS_DIR}/Realm/Realm.framework",
				"${BUILT_PRODUCTS_DIR}/RealmSwift/RealmSwift.framework",
				"${BUILT_PRODUCTS_DIR}/SwipeCellKit/SwipeCellKit.framework",
			);
			name = "[CP] Embed Pods Frameworks";
			outputFileListPaths = (
			);
			outputPaths = (
				"${TARGET_BUILD_DIR}/${FRAMEWORKS_FOLDER_PATH}/ChameleonFramework.framework",
				"${TARGET_BUILD_DIR}/${FRAMEWORKS_FOLDER_PATH}/Realm.framework",
				"${TARGET_BUILD_DIR}/${FRAMEWORKS_FOLDER_PATH}/RealmSwift.framework",
				"${TARGET_BUILD_DIR}/${FRAMEWORKS_FOLDER_PATH}/SwipeCellKit.framework",
			);
			runOnlyForDeploymentPostprocessing = 0;
			shellPath = /bin/sh;
			shellScript = "\"${PODS_ROOT}/Target Support Files/Pods-Todoey/Pods-Todoey-frameworks.sh\"\n";
			showEnvVarsInLog = 0;
		};
		A2C8ED330EF6661AACF625EC /* [CP] Check Pods Manifest.lock */ = {
			isa = PBXShellScriptBuildPhase;
			buildActionMask = 2147483647;
			files = (
			);
			inputFileListPaths = (
			);
			inputPaths = (
				"${PODS_PODFILE_DIR_PATH}/Podfile.lock",
				"${PODS_ROOT}/Manifest.lock",
			);
			name = "[CP] Check Pods Manifest.lock";
			outputFileListPaths = (
			);
			outputPaths = (
				"$(DERIVED_FILE_DIR)/Pods-Todoey-checkManifestLockResult.txt",
			);
			runOnlyForDeploymentPostprocessing = 0;
			shellPath = /bin/sh;
			shellScript = "diff \"${PODS_PODFILE_DIR_PATH}/Podfile.lock\" \"${PODS_ROOT}/Manifest.lock\" > /dev/null\nif [ $? != 0 ] ; then\n    # print error to STDERR\n    echo \"error: The sandbox is not in sync with the Podfile.lock. Run 'pod install' or update your CocoaPods installation.\" >&2\n    exit 1\nfi\n# This output is used by Xcode 'outputs' to avoid re-running this script phase.\necho \"SUCCESS\" > \"${SCRIPT_OUTPUT_FILE_0}\"\n";
			showEnvVarsInLog = 0;
		};
/* End PBXShellScriptBuildPhase section */

/* Begin PBXSourcesBuildPhase section */
		959CDEBC222EA43000549A96 /* Sources */ = {
			isa = PBXSourcesBuildPhase;
			buildActionMask = 2147483647;
			files = (
				95003462223D623400E810CA /* CategoryViewController.swift in Sources */,
				959CDEC6222EA43000549A96 /* TodoListViewController.swift in Sources */,
				950152A92234A73C00C343D8 /* obsolete_Item.swift in Sources */,
				9502D5A9226B7C3600FF02B9 /* SwipeTableViewController.swift in Sources */,
				95FF3B852259A31B00C14CFF /* Item.swift in Sources */,
				959CDEC4222EA43000549A96 /* AppDelegate.swift in Sources */,
				95FF3B872259A33300C14CFF /* Category.swift in Sources */,
			);
			runOnlyForDeploymentPostprocessing = 0;
		};
/* End PBXSourcesBuildPhase section */

/* Begin PBXVariantGroup section */
		959CDEC7222EA43000549A96 /* Main.storyboard */ = {
			isa = PBXVariantGroup;
			children = (
				959CDEC8222EA43000549A96 /* Base */,
			);
			name = Main.storyboard;
			sourceTree = "<group>";
		};
		959CDECC222EA43100549A96 /* LaunchScreen.storyboard */ = {
			isa = PBXVariantGroup;
			children = (
				959CDECD222EA43100549A96 /* Base */,
			);
			name = LaunchScreen.storyboard;
			sourceTree = "<group>";
		};
/* End PBXVariantGroup section */

/* Begin XCBuildConfiguration section */
		959CDED0222EA43100549A96 /* Debug */ = {
			isa = XCBuildConfiguration;
			buildSettings = {
				ALWAYS_SEARCH_USER_PATHS = NO;
				CLANG_ANALYZER_NONNULL = YES;
				CLANG_ANALYZER_NUMBER_OBJECT_CONVERSION = YES_AGGRESSIVE;
				CLANG_CXX_LANGUAGE_STANDARD = "gnu++14";
				CLANG_CXX_LIBRARY = "libc++";
				CLANG_ENABLE_MODULES = YES;
				CLANG_ENABLE_OBJC_ARC = YES;
				CLANG_ENABLE_OBJC_WEAK = YES;
				CLANG_WARN_BLOCK_CAPTURE_AUTORELEASING = YES;
				CLANG_WARN_BOOL_CONVERSION = YES;
				CLANG_WARN_COMMA = YES;
				CLANG_WARN_CONSTANT_CONVERSION = YES;
				CLANG_WARN_DEPRECATED_OBJC_IMPLEMENTATIONS = YES;
				CLANG_WARN_DIRECT_OBJC_ISA_USAGE = YES_ERROR;
				CLANG_WARN_DOCUMENTATION_COMMENTS = YES;
				CLANG_WARN_EMPTY_BODY = YES;
				CLANG_WARN_ENUM_CONVERSION = YES;
				CLANG_WARN_INFINITE_RECURSION = YES;
				CLANG_WARN_INT_CONVERSION = YES;
				CLANG_WARN_NON_LITERAL_NULL_CONVERSION = YES;
				CLANG_WARN_OBJC_IMPLICIT_RETAIN_SELF = YES;
				CLANG_WARN_OBJC_LITERAL_CONVERSION = YES;
				CLANG_WARN_OBJC_ROOT_CLASS = YES_ERROR;
				CLANG_WARN_RANGE_LOOP_ANALYSIS = YES;
				CLANG_WARN_STRICT_PROTOTYPES = YES;
				CLANG_WARN_SUSPICIOUS_MOVE = YES;
				CLANG_WARN_UNGUARDED_AVAILABILITY = YES_AGGRESSIVE;
				CLANG_WARN_UNREACHABLE_CODE = YES;
				CLANG_WARN__DUPLICATE_METHOD_MATCH = YES;
				CODE_SIGN_IDENTITY = "iPhone Developer";
				COPY_PHASE_STRIP = NO;
				DEBUG_INFORMATION_FORMAT = dwarf;
				ENABLE_STRICT_OBJC_MSGSEND = YES;
				ENABLE_TESTABILITY = YES;
				GCC_C_LANGUAGE_STANDARD = gnu11;
				GCC_DYNAMIC_NO_PIC = NO;
				GCC_NO_COMMON_BLOCKS = YES;
				GCC_OPTIMIZATION_LEVEL = 0;
				GCC_PREPROCESSOR_DEFINITIONS = (
					"DEBUG=1",
					"$(inherited)",
				);
				GCC_WARN_64_TO_32_BIT_CONVERSION = YES;
				GCC_WARN_ABOUT_RETURN_TYPE = YES_ERROR;
				GCC_WARN_UNDECLARED_SELECTOR = YES;
				GCC_WARN_UNINITIALIZED_AUTOS = YES_AGGRESSIVE;
				GCC_WARN_UNUSED_FUNCTION = YES;
				GCC_WARN_UNUSED_VARIABLE = YES;
				IPHONEOS_DEPLOYMENT_TARGET = 12.1;
				MTL_ENABLE_DEBUG_INFO = INCLUDE_SOURCE;
				MTL_FAST_MATH = YES;
				ONLY_ACTIVE_ARCH = YES;
				SDKROOT = iphoneos;
				SWIFT_ACTIVE_COMPILATION_CONDITIONS = DEBUG;
				SWIFT_OPTIMIZATION_LEVEL = "-Onone";
			};
			name = Debug;
		};
		959CDED1222EA43100549A96 /* Release */ = {
			isa = XCBuildConfiguration;
			buildSettings = {
				ALWAYS_SEARCH_USER_PATHS = NO;
				CLANG_ANALYZER_NONNULL = YES;
				CLANG_ANALYZER_NUMBER_OBJECT_CONVERSION = YES_AGGRESSIVE;
				CLANG_CXX_LANGUAGE_STANDARD = "gnu++14";
				CLANG_CXX_LIBRARY = "libc++";
				CLANG_ENABLE_MODULES = YES;
				CLANG_ENABLE_OBJC_ARC = YES;
				CLANG_ENABLE_OBJC_WEAK = YES;
				CLANG_WARN_BLOCK_CAPTURE_AUTORELEASING = YES;
				CLANG_WARN_BOOL_CONVERSION = YES;
				CLANG_WARN_COMMA = YES;
				CLANG_WARN_CONSTANT_CONVERSION = YES;
				CLANG_WARN_DEPRECATED_OBJC_IMPLEMENTATIONS = YES;
				CLANG_WARN_DIRECT_OBJC_ISA_USAGE = YES_ERROR;
				CLANG_WARN_DOCUMENTATION_COMMENTS = YES;
				CLANG_WARN_EMPTY_BODY = YES;
				CLANG_WARN_ENUM_CONVERSION = YES;
				CLANG_WARN_INFINITE_RECURSION = YES;
				CLANG_WARN_INT_CONVERSION = YES;
				CLANG_WARN_NON_LITERAL_NULL_CONVERSION = YES;
				CLANG_WARN_OBJC_IMPLICIT_RETAIN_SELF = YES;
				CLANG_WARN_OBJC_LITERAL_CONVERSION = YES;
				CLANG_WARN_OBJC_ROOT_CLASS = YES_ERROR;
				CLANG_WARN_RANGE_LOOP_ANALYSIS = YES;
				CLANG_WARN_STRICT_PROTOTYPES = YES;
				CLANG_WARN_SUSPICIOUS_MOVE = YES;
				CLANG_WARN_UNGUARDED_AVAILABILITY = YES_AGGRESSIVE;
				CLANG_WARN_UNREACHABLE_CODE = YES;
				CLANG_WARN__DUPLICATE_METHOD_MATCH = YES;
				CODE_SIGN_IDENTITY = "iPhone Developer";
				COPY_PHASE_STRIP = NO;
				DEBUG_INFORMATION_FORMAT = "dwarf-with-dsym";
				ENABLE_NS_ASSERTIONS = NO;
				ENABLE_STRICT_OBJC_MSGSEND = YES;
				GCC_C_LANGUAGE_STANDARD = gnu11;
				GCC_NO_COMMON_BLOCKS = YES;
				GCC_WARN_64_TO_32_BIT_CONVERSION = YES;
				GCC_WARN_ABOUT_RETURN_TYPE = YES_ERROR;
				GCC_WARN_UNDECLARED_SELECTOR = YES;
				GCC_WARN_UNINITIALIZED_AUTOS = YES_AGGRESSIVE;
				GCC_WARN_UNUSED_FUNCTION = YES;
				GCC_WARN_UNUSED_VARIABLE = YES;
				IPHONEOS_DEPLOYMENT_TARGET = 12.1;
				MTL_ENABLE_DEBUG_INFO = NO;
				MTL_FAST_MATH = YES;
				SDKROOT = iphoneos;
				SWIFT_COMPILATION_MODE = wholemodule;
				SWIFT_OPTIMIZATION_LEVEL = "-O";
				VALIDATE_PRODUCT = YES;
			};
			name = Release;
		};
		959CDED3222EA43100549A96 /* Debug */ = {
			isa = XCBuildConfiguration;
			baseConfigurationReference = C9AF00CF19A3958BA5AFEBD4 /* Pods-Todoey.debug.xcconfig */;
			buildSettings = {
				ASSETCATALOG_COMPILER_APPICON_NAME = AppIcon;
				CODE_SIGN_IDENTITY = "iPhone Developer";
				CODE_SIGN_STYLE = Automatic;
				DEVELOPMENT_TEAM = YYR4642KAL;
				INFOPLIST_FILE = Todoey/Info.plist;
				LD_RUNPATH_SEARCH_PATHS = (
					"$(inherited)",
					"@executable_path/Frameworks",
				);
				PRODUCT_BUNDLE_IDENTIFIER = "com.pichai-t.Todoey";
				PRODUCT_NAME = "$(TARGET_NAME)";
				PROVISIONING_PROFILE_SPECIFIER = "";
				SWIFT_VERSION = 4.2;
				TARGETED_DEVICE_FAMILY = "1,2";
			};
			name = Debug;
		};
		959CDED4222EA43100549A96 /* Release */ = {
			isa = XCBuildConfiguration;
			baseConfigurationReference = ACF464C75816F666E2E7B56A /* Pods-Todoey.release.xcconfig */;
			buildSettings = {
				ASSETCATALOG_COMPILER_APPICON_NAME = AppIcon;
				CODE_SIGN_IDENTITY = "iPhone Developer";
				CODE_SIGN_STYLE = Automatic;
				DEVELOPMENT_TEAM = YYR4642KAL;
				INFOPLIST_FILE = Todoey/Info.plist;
				LD_RUNPATH_SEARCH_PATHS = (
					"$(inherited)",
					"@executable_path/Frameworks",
				);
				PRODUCT_BUNDLE_IDENTIFIER = "com.pichai-t.Todoey";
				PRODUCT_NAME = "$(TARGET_NAME)";
				PROVISIONING_PROFILE_SPECIFIER = "";
				SWIFT_VERSION = 4.2;
				TARGETED_DEVICE_FAMILY = "1,2";
			};
			name = Release;
		};
/* End XCBuildConfiguration section */

/* Begin XCConfigurationList section */
		959CDEBB222EA43000549A96 /* Build configuration list for PBXProject "Todoey" */ = {
			isa = XCConfigurationList;
			buildConfigurations = (
				959CDED0222EA43100549A96 /* Debug */,
				959CDED1222EA43100549A96 /* Release */,
			);
			defaultConfigurationIsVisible = 0;
			defaultConfigurationName = Release;
		};
		959CDED2222EA43100549A96 /* Build configuration list for PBXNativeTarget "Todoey" */ = {
			isa = XCConfigurationList;
			buildConfigurations = (
				959CDED3222EA43100549A96 /* Debug */,
				959CDED4222EA43100549A96 /* Release */,
			);
			defaultConfigurationIsVisible = 0;
			defaultConfigurationName = Release;
		};
/* End XCConfigurationList section */
	};
	rootObject = 959CDEB8222EA43000549A96 /* Project object */;
}
